
Microsoft Visual Studio Solution File, Format Version 12.00
# Visual Studio Version 17
VisualStudioVersion = 17.3.32929.385
MinimumVisualStudioVersion = 10.0.40219.1
Project("{FAE04EC0-301F-11D3-BF4B-00C04F79EFBC}") = "SmartAppointmentBookingSystem", "SmartAppointmentBookingSystem.csproj", "{47843512-4948-4847-8CCA-702C8CA507B0}"
EndProject
Project("{FAE04EC0-301F-11D3-BF4B-00C04F79EFBC}") = "TestProject1123", "..\TestProject1123\TestProject1123.csproj", "{F5C77500-749D-4577-9452-CACC1EB3A99A}"
EndProject
Global
	GlobalSection(SolutionConfigurationPlatforms) = preSolution
		Debug|Any CPU = Debug|Any CPU
		Release|Any CPU = Release|Any CPU
	EndGlobalSection
	GlobalSection(ProjectConfigurationPlatforms) = postSolution
		{47843512-4948-4847-8CCA-702C8CA507B0}.Debug|Any CPU.ActiveCfg = Debug|Any CPU
		{47843512-4948-4847-8CCA-702C8CA507B0}.Debug|Any CPU.Build.0 = Debug|Any CPU
		{47843512-4948-4847-8CCA-702C8CA507B0}.Release|Any CPU.ActiveCfg = Release|Any CPU
		{47843512-4948-4847-8CCA-702C8CA507B0}.Release|Any CPU.Build.0 = Release|Any CPU
		{F5C77500-749D-4577-9452-CACC1EB3A99A}.Debug|Any CPU.ActiveCfg = Debug|Any CPU
		{F5C77500-749D-4577-9452-CACC1EB3A99A}.Debug|Any CPU.Build.0 = Debug|Any CPU
		{F5C77500-749D-4577-9452-CACC1EB3A99A}.Release|Any CPU.ActiveCfg = Release|Any CPU
		{F5C77500-749D-4577-9452-CACC1EB3A99A}.Release|Any CPU.Build.0 = Release|Any CPU
	EndGlobalSection
	GlobalSection(SolutionProperties) = preSolution
		HideSolutionNode = FALSE
	EndGlobalSection
	GlobalSection(ExtensibilityGlobals) = postSolution
		SolutionGuid = {EB51E3D6-45C1-4381-9BAB-01EC9EAE1FBF}
	EndGlobalSection
EndGlobal
